// !$*UTF8*$!
{
	archiveVersion = 1;
	classes = {
	};
	objectVersion = 46;
	objects = {

/* Begin PBXBuildFile section */
		D460B2B81943CF7600A5D298 /* AppDelegate.swift in Sources */ = {isa = PBXBuildFile; fileRef = D460B2B71943CF7600A5D298 /* AppDelegate.swift */; };
		D460B2BA1943CF7600A5D298 /* ViewController.swift in Sources */ = {isa = PBXBuildFile; fileRef = D460B2B91943CF7600A5D298 /* ViewController.swift */; };
		D460B2BD1943CF7600A5D298 /* Main.storyboard in Resources */ = {isa = PBXBuildFile; fileRef = D460B2BB1943CF7600A5D298 /* Main.storyboard */; };
		D460B2BF1943CF7600A5D298 /* Images.xcassets in Resources */ = {isa = PBXBuildFile; fileRef = D460B2BE1943CF7600A5D298 /* Images.xcassets */; };
		D460B2CB1943CF7700A5D298 /* GestureKeyboardTests.swift in Sources */ = {isa = PBXBuildFile; fileRef = D460B2CA1943CF7700A5D298 /* GestureKeyboardTests.swift */; };
/* End PBXBuildFile section */

/* Begin PBXContainerItemProxy section */
		D460B2C51943CF7700A5D298 /* PBXContainerItemProxy */ = {
			isa = PBXContainerItemProxy;
			containerPortal = D460B2AA1943CF7600A5D298 /* Project object */;
			proxyType = 1;
			remoteGlobalIDString = D460B2B11943CF7600A5D298;
			remoteInfo = GestureKeyboard;
		};
/* End PBXContainerItemProxy section */

/* Begin PBXFileReference section */
		D460B2B21943CF7600A5D298 /* GestureKeyboard.app */ = {isa = PBXFileReference; explicitFileType = wrapper.application; includeInIndex = 0; path = GestureKeyboard.app; sourceTree = BUILT_PRODUCTS_DIR; };
		D460B2B61943CF7600A5D298 /* Info.plist */ = {isa = PBXFileReference; lastKnownFileType = text.plist.xml; path = Info.plist; sourceTree = "<group>"; };
		D460B2B71943CF7600A5D298 /* AppDelegate.swift */ = {isa = PBXFileReference; lastKnownFileType = sourcecode.swift; path = AppDelegate.swift; sourceTree = "<group>"; };
		D460B2B91943CF7600A5D298 /* ViewController.swift */ = {isa = PBXFileReference; lastKnownFileType = sourcecode.swift; path = ViewController.swift; sourceTree = "<group>"; };
		D460B2BC1943CF7600A5D298 /* Base */ = {isa = PBXFileReference; lastKnownFileType = file.storyboard; name = Base; path = Base.lproj/Main.storyboard; sourceTree = "<group>"; };
		D460B2BE1943CF7600A5D298 /* Images.xcassets */ = {isa = PBXFileReference; lastKnownFileType = folder.assetcatalog; path = Images.xcassets; sourceTree = "<group>"; };
		D460B2C41943CF7700A5D298 /* GestureKeyboardTests.xctest */ = {isa = PBXFileReference; explicitFileType = wrapper.cfbundle; includeInIndex = 0; path = GestureKeyboardTests.xctest; sourceTree = BUILT_PRODUCTS_DIR; };
		D460B2C91943CF7700A5D298 /* Info.plist */ = {isa = PBXFileReference; lastKnownFileType = text.plist.xml; path = Info.plist; sourceTree = "<group>"; };
		D460B2CA1943CF7700A5D298 /* GestureKeyboardTests.swift */ = {isa = PBXFileReference; lastKnownFileType = sourcecode.swift; path = GestureKeyboardTests.swift; sourceTree = "<group>"; };
/* End PBXFileReference section */

/* Begin PBXFrameworksBuildPhase section */
		D460B2AF1943CF7600A5D298 /* Frameworks */ = {
			isa = PBXFrameworksBuildPhase;
			buildActionMask = 2147483647;
			files = (
			);
			runOnlyForDeploymentPostprocessing = 0;
		};
		D460B2C11943CF7700A5D298 /* Frameworks */ = {
			isa = PBXFrameworksBuildPhase;
			buildActionMask = 2147483647;
			files = (
			);
			runOnlyForDeploymentPostprocessing = 0;
		};
/* End PBXFrameworksBuildPhase section */

/* Begin PBXGroup section */
		D460B2A91943CF7600A5D298 = {
			isa = PBXGroup;
			children = (
				D460B2B41943CF7600A5D298 /* GestureKeyboard */,
				D460B2C71943CF7700A5D298 /* GestureKeyboardTests */,
				D460B2B31943CF7600A5D298 /* Products */,
			);
			sourceTree = "<group>";
		};
		D460B2B31943CF7600A5D298 /* Products */ = {
			isa = PBXGroup;
			children = (
				D460B2B21943CF7600A5D298 /* GestureKeyboard.app */,
				D460B2C41943CF7700A5D298 /* GestureKeyboardTests.xctest */,
			);
			name = Products;
			sourceTree = "<group>";
		};
		D460B2B41943CF7600A5D298 /* GestureKeyboard */ = {
			isa = PBXGroup;
			children = (
				D460B2B71943CF7600A5D298 /* AppDelegate.swift */,
				D460B2B91943CF7600A5D298 /* ViewController.swift */,
				D460B2BB1943CF7600A5D298 /* Main.storyboard */,
				D460B2BE1943CF7600A5D298 /* Images.xcassets */,
				D460B2B51943CF7600A5D298 /* Supporting Files */,
			);
			path = GestureKeyboard;
			sourceTree = "<group>";
		};
		D460B2B51943CF7600A5D298 /* Supporting Files */ = {
			isa = PBXGroup;
			children = (
				D460B2B61943CF7600A5D298 /* Info.plist */,
			);
			name = "Supporting Files";
			sourceTree = "<group>";
		};
		D460B2C71943CF7700A5D298 /* GestureKeyboardTests */ = {
			isa = PBXGroup;
			children = (
				D460B2CA1943CF7700A5D298 /* GestureKeyboardTests.swift */,
				D460B2C81943CF7700A5D298 /* Supporting Files */,
			);
			path = GestureKeyboardTests;
			sourceTree = "<group>";
		};
		D460B2C81943CF7700A5D298 /* Supporting Files */ = {
			isa = PBXGroup;
			children = (
				D460B2C91943CF7700A5D298 /* Info.plist */,
			);
			name = "Supporting Files";
			sourceTree = "<group>";
		};
/* End PBXGroup section */

/* Begin PBXNativeTarget section */
		D460B2B11943CF7600A5D298 /* GestureKeyboard */ = {
			isa = PBXNativeTarget;
			buildConfigurationList = D460B2CE1943CF7700A5D298 /* Build configuration list for PBXNativeTarget "GestureKeyboard" */;
			buildPhases = (
				D460B2AE1943CF7600A5D298 /* Sources */,
				D460B2AF1943CF7600A5D298 /* Frameworks */,
				D460B2B01943CF7600A5D298 /* Resources */,
			);
			buildRules = (
			);
			dependencies = (
			);
			name = GestureKeyboard;
			productName = GestureKeyboard;
			productReference = D460B2B21943CF7600A5D298 /* GestureKeyboard.app */;
			productType = "com.apple.product-type.application";
		};
		D460B2C31943CF7700A5D298 /* GestureKeyboardTests */ = {
			isa = PBXNativeTarget;
			buildConfigurationList = D460B2D11943CF7700A5D298 /* Build configuration list for PBXNativeTarget "GestureKeyboardTests" */;
			buildPhases = (
				D460B2C01943CF7700A5D298 /* Sources */,
				D460B2C11943CF7700A5D298 /* Frameworks */,
				D460B2C21943CF7700A5D298 /* Resources */,
			);
			buildRules = (
			);
			dependencies = (
				D460B2C61943CF7700A5D298 /* PBXTargetDependency */,
			);
			name = GestureKeyboardTests;
			productName = GestureKeyboardTests;
			productReference = D460B2C41943CF7700A5D298 /* GestureKeyboardTests.xctest */;
			productType = "com.apple.product-type.bundle.unit-test";
		};
/* End PBXNativeTarget section */

/* Begin PBXProject section */
		D460B2AA1943CF7600A5D298 /* Project object */ = {
			isa = PBXProject;
			attributes = {
				LastUpgradeCheck = 0600;
				ORGANIZATIONNAME = TouchCentric;
				TargetAttributes = {
					D460B2B11943CF7600A5D298 = {
						CreatedOnToolsVersion = 6.0;
					};
					D460B2C31943CF7700A5D298 = {
						CreatedOnToolsVersion = 6.0;
						TestTargetID = D460B2B11943CF7600A5D298;
					};
				};
			};
			buildConfigurationList = D460B2AD1943CF7600A5D298 /* Build configuration list for PBXProject "GestureKeyboard" */;
			compatibilityVersion = "Xcode 3.2";
			developmentRegion = English;
			hasScannedForEncodings = 0;
			knownRegions = (
				en,
				Base,
			);
			mainGroup = D460B2A91943CF7600A5D298;
			productRefGroup = D460B2B31943CF7600A5D298 /* Products */;
			projectDirPath = "";
			projectRoot = "";
			targets = (
				D460B2B11943CF7600A5D298 /* GestureKeyboard */,
				D460B2C31943CF7700A5D298 /* GestureKeyboardTests */,
			);
		};
/* End PBXProject section */

/* Begin PBXResourcesBuildPhase section */
		D460B2B01943CF7600A5D298 /* Resources */ = {
			isa = PBXResourcesBuildPhase;
			buildActionMask = 2147483647;
			files = (
				D460B2BD1943CF7600A5D298 /* Main.storyboard in Resources */,
				D460B2BF1943CF7600A5D298 /* Images.xcassets in Resources */,
			);
			runOnlyForDeploymentPostprocessing = 0;
		};
		D460B2C21943CF7700A5D298 /* Resources */ = {
			isa = PBXResourcesBuildPhase;
			buildActionMask = 2147483647;
			files = (
			);
			runOnlyForDeploymentPostprocessing = 0;
		};
/* End PBXResourcesBuildPhase section */

/* Begin PBXSourcesBuildPhase section */
		D460B2AE1943CF7600A5D298 /* Sources */ = {
			isa = PBXSourcesBuildPhase;
			buildActionMask = 2147483647;
			files = (
				D460B2BA1943CF7600A5D298 /* ViewController.swift in Sources */,
				D460B2B81943CF7600A5D298 /* AppDelegate.swift in Sources */,
			);
			runOnlyForDeploymentPostprocessing = 0;
		};
		D460B2C01943CF7700A5D298 /* Sources */ = {
			isa = PBXSourcesBuildPhase;
			buildActionMask = 2147483647;
			files = (
				D460B2CB1943CF7700A5D298 /* GestureKeyboardTests.swift in Sources */,
			);
			runOnlyForDeploymentPostprocessing = 0;
		};
/* End PBXSourcesBuildPhase section */

/* Begin PBXTargetDependency section */
		D460B2C61943CF7700A5D298 /* PBXTargetDependency */ = {
			isa = PBXTargetDependency;
			target = D460B2B11943CF7600A5D298 /* GestureKeyboard */;
			targetProxy = D460B2C51943CF7700A5D298 /* PBXContainerItemProxy */;
		};
/* End PBXTargetDependency section */

/* Begin PBXVariantGroup section */
		D460B2BB1943CF7600A5D298 /* Main.storyboard */ = {
			isa = PBXVariantGroup;
			children = (
				D460B2BC1943CF7600A5D298 /* Base */,
			);
			name = Main.storyboard;
			sourceTree = "<group>";
		};
/* End PBXVariantGroup section */

/* Begin XCBuildConfiguration section */
		D460B2CC1943CF7700A5D298 /* Debug */ = {
			isa = XCBuildConfiguration;
			buildSettings = {
				ALWAYS_SEARCH_USER_PATHS = NO;
				CLANG_CXX_LANGUAGE_STANDARD = "gnu++0x";
				CLANG_CXX_LIBRARY = "libc++";
				CLANG_ENABLE_MODULES = YES;
				CLANG_ENABLE_OBJC_ARC = YES;
				CLANG_WARN_BOOL_CONVERSION = YES;
				CLANG_WARN_CONSTANT_CONVERSION = YES;
				CLANG_WARN_DIRECT_OBJC_ISA_USAGE = YES_ERROR;
				CLANG_WARN_EMPTY_BODY = YES;
				CLANG_WARN_ENUM_CONVERSION = YES;
				CLANG_WARN_INT_CONVERSION = YES;
				CLANG_WARN_OBJC_ROOT_CLASS = YES_ERROR;
				CLANG_WARN_UNREACHABLE_CODE = YES;
				CLANG_WARN__DUPLICATE_METHOD_MATCH = YES;
				"CODE_SIGN_IDENTITY[sdk=iphoneos*]" = "iPhone Developer";
				COPY_PHASE_STRIP = NO;
				ENABLE_STRICT_OBJC_MSGSEND = YES;
				GCC_C_LANGUAGE_STANDARD = gnu99;
				GCC_DYNAMIC_NO_PIC = NO;
				GCC_OPTIMIZATION_LEVEL = 0;
				GCC_PREPROCESSOR_DEFINITIONS = (
					"DEBUG=1",
					"$(inherited)",
				);
				GCC_SYMBOLS_PRIVATE_EXTERN = NO;
				GCC_WARN_64_TO_32_BIT_CONVERSION = YES;
				GCC_WARN_ABOUT_RETURN_TYPE = YES_ERROR;
				GCC_WARN_UNDECLARED_SELECTOR = YES;
				GCC_WARN_UNINITIALIZED_AUTOS = YES_AGGRESSIVE;
				GCC_WARN_UNUSED_FUNCTION = YES;
				GCC_WARN_UNUSED_VARIABLE = YES;
				IPHONEOS_DEPLOYMENT_TARGET = 8.0;
				METAL_ENABLE_DEBUG_INFO = YES;
				ONLY_ACTIVE_ARCH = YES;
				SDKROOT = iphoneos;
				SWIFT_OPTIMIZATION_LEVEL = "-Onone";
				TARGETED_DEVICE_FAMILY = "1,2";
			};
			name = Debug;
		};
		D460B2CD1943CF7700A5D298 /* Release */ = {
			isa = XCBuildConfiguration;
			buildSettings = {
				ALWAYS_SEARCH_USER_PATHS = NO;
				CLANG_CXX_LANGUAGE_STANDARD = "gnu++0x";
				CLANG_CXX_LIBRARY = "libc++";
				CLANG_ENABLE_MODULES = YES;
				CLANG_ENABLE_OBJC_ARC = YES;
				CLANG_WARN_BOOL_CONVERSION = YES;
				CLANG_WARN_CONSTANT_CONVERSION = YES;
				CLANG_WARN_DIRECT_OBJC_ISA_USAGE = YES_ERROR;
				CLANG_WARN_EMPTY_BODY = YES;
				CLANG_WARN_ENUM_CONVERSION = YES;
				CLANG_WARN_INT_CONVERSION = YES;
				CLANG_WARN_OBJC_ROOT_CLASS = YES_ERROR;
				CLANG_WARN_UNREACHABLE_CODE = YES;
				CLANG_WARN__DUPLICATE_METHOD_MATCH = YES;
				"CODE_SIGN_IDENTITY[sdk=iphoneos*]" = "iPhone Developer";
				COPY_PHASE_STRIP = YES;
				ENABLE_NS_ASSERTIONS = NO;
				ENABLE_STRICT_OBJC_MSGSEND = YES;
				GCC_C_LANGUAGE_STANDARD = gnu99;
				GCC_WARN_64_TO_32_BIT_CONVERSION = YES;
				GCC_WARN_ABOUT_RETURN_TYPE = YES_ERROR;
				GCC_WARN_UNDECLARED_SELECTOR = YES;
				GCC_WARN_UNINITIALIZED_AUTOS = YES_AGGRESSIVE;
				GCC_WARN_UNUSED_FUNCTION = YES;
				GCC_WARN_UNUSED_VARIABLE = YES;
				IPHONEOS_DEPLOYMENT_TARGET = 8.0;
				METAL_ENABLE_DEBUG_INFO = NO;
				SDKROOT = iphoneos;
				TARGETED_DEVICE_FAMILY = "1,2";
				VALIDATE_PRODUCT = YES;
			};
			name = Release;
		};
		D460B2CF1943CF7700A5D298 /* Debug */ = {
			isa = XCBuildConfiguration;
			buildSettings = {
				ASSETCATALOG_COMPILER_APPICON_NAME = AppIcon;
				ASSETCATALOG_COMPILER_LAUNCHIMAGE_NAME = LaunchImage;
				INFOPLIST_FILE = GestureKeyboard/Info.plist;
				LD_RUNPATH_SEARCH_PATHS = "$(inherited) @executable_path/Frameworks";
				PRODUCT_NAME = "$(TARGET_NAME)";
			};
			name = Debug;
		};
		D460B2D01943CF7700A5D298 /* Release */ = {
			isa = XCBuildConfiguration;
			buildSettings = {
				ASSETCATALOG_COMPILER_APPICON_NAME = AppIcon;
				ASSETCATALOG_COMPILER_LAUNCHIMAGE_NAME = LaunchImage;
				INFOPLIST_FILE = GestureKeyboard/Info.plist;
				LD_RUNPATH_SEARCH_PATHS = "$(inherited) @executable_path/Frameworks";
				PRODUCT_NAME = "$(TARGET_NAME)";
			};
			name = Release;
		};
		D460B2D21943CF7700A5D298 /* Debug */ = {
			isa = XCBuildConfiguration;
			buildSettings = {
				BUNDLE_LOADER = "$(BUILT_PRODUCTS_DIR)/GestureKeyboard.app/GestureKeyboard";
				FRAMEWORK_SEARCH_PATHS = (
					"$(SDKROOT)/Developer/Library/Frameworks",
					"$(inherited)",
				);
				GCC_PREPROCESSOR_DEFINITIONS = (
					"DEBUG=1",
					"$(inherited)",
				);
				INFOPLIST_FILE = GestureKeyboardTests/Info.plist;
				LD_RUNPATH_SEARCH_PATHS = "$(inherited) @executable_path/Frameworks @loader_path/Frameworks";
				METAL_ENABLE_DEBUG_INFO = YES;
				PRODUCT_NAME = "$(TARGET_NAME)";
				TEST_HOST = "$(BUNDLE_LOADER)";
			};
			name = Debug;
		};
		D460B2D31943CF7700A5D298 /* Release */ = {
			isa = XCBuildConfiguration;
			buildSettings = {
				BUNDLE_LOADER = "$(BUILT_PRODUCTS_DIR)/GestureKeyboard.app/GestureKeyboard";
				FRAMEWORK_SEARCH_PATHS = (
					"$(SDKROOT)/Developer/Library/Frameworks",
					"$(inherited)",
				);
				INFOPLIST_FILE = GestureKeyboardTests/Info.plist;
				LD_RUNPATH_SEARCH_PATHS = "$(inherited) @executable_path/Frameworks @loader_path/Frameworks";
				METAL_ENABLE_DEBUG_INFO = NO;
				PRODUCT_NAME = "$(TARGET_NAME)";
				TEST_HOST = "$(BUNDLE_LOADER)";
			};
			name = Release;
		};
/* End XCBuildConfiguration section */

/* Begin XCConfigurationList section */
		D460B2AD1943CF7600A5D298 /* Build configuration list for PBXProject "GestureKeyboard" */ = {
			isa = XCConfigurationList;
			buildConfigurations = (
				D460B2CC1943CF7700A5D298 /* Debug */,
				D460B2CD1943CF7700A5D298 /* Release */,
			);
			defaultConfigurationIsVisible = 0;
			defaultConfigurationName = Release;
		};
		D460B2CE1943CF7700A5D298 /* Build configuration list for PBXNativeTarget "GestureKeyboard" */ = {
			isa = XCConfigurationList;
			buildConfigurations = (
				D460B2CF1943CF7700A5D298 /* Debug */,
				D460B2D01943CF7700A5D298 /* Release */,
			);
			defaultConfigurationIsVisible = 0;
		};
		D460B2D11943CF7700A5D298 /* Build configuration list for PBXNativeTarget "GestureKeyboardTests" */ = {
			isa = XCConfigurationList;
			buildConfigurations = (
				D460B2D21943CF7700A5D298 /* Debug */,
				D460B2D31943CF7700A5D298 /* Release */,
			);
			defaultConfigurationIsVisible = 0;
		};
/* End XCConfigurationList section */
	};
	rootObject = D460B2AA1943CF7600A5D298 /* Project object */;
}
