// !$*UTF8*$!
{
	archiveVersion = 1;
	classes = {
	};
	objectVersion = 46;
	objects = {

/* Begin PBXBuildFile section */
		D460B2B81943CF7600A5D298 /* AppDelegate.swift in Sources */ = {isa = PBXBuildFile; fileRef = D460B2B71943CF7600A5D298 /* AppDelegate.swift */; };
		D460B2BA1943CF7600A5D298 /* ViewController.swift in Sources */ = {isa = PBXBuildFile; fileRef = D460B2B91943CF7600A5D298 /* ViewController.swift */; };
		D460B2BD1943CF7600A5D298 /* Main.storyboard in Resources */ = {isa = PBXBuildFile; fileRef = D460B2BB1943CF7600A5D298 /* Main.storyboard */; };
		D460B2BF1943CF7600A5D298 /* Images.xcassets in Resources */ = {isa = PBXBuildFile; fileRef = D460B2BE1943CF7600A5D298 /* Images.xcassets */; };
		D460B2CB1943CF7700A5D298 /* GestureKeyboardTests.swift in Sources */ = {isa = PBXBuildFile; fileRef = D460B2CA1943CF7700A5D298 /* GestureKeyboardTests.swift */; };
		D460B2E01944C09900A5D298 /* CMUnistrokeGestureRecognizer.m in Sources */ = {isa = PBXBuildFile; fileRef = D460B2D71944C09900A5D298 /* CMUnistrokeGestureRecognizer.m */; };
		D460B2E11944C09900A5D298 /* CMUnistrokeGestureResult.m in Sources */ = {isa = PBXBuildFile; fileRef = D460B2D91944C09900A5D298 /* CMUnistrokeGestureResult.m */; };
		D460B2E21944C09900A5D298 /* CMUnistrokeRecognizer.c in Sources */ = {isa = PBXBuildFile; fileRef = D460B2DB1944C09900A5D298 /* CMUnistrokeRecognizer.c */; };
		D460B2E31944C09900A5D298 /* CMUnistrokeRecognizerTypes.c in Sources */ = {isa = PBXBuildFile; fileRef = D460B2DE1944C09900A5D298 /* CMUnistrokeRecognizerTypes.c */; };
		D460B2E81944D69900A5D298 /* Foundation.framework in Frameworks */ = {isa = PBXBuildFile; fileRef = D460B2E71944D69900A5D298 /* Foundation.framework */; };
		D460B2EA1944D6A100A5D298 /* GLKit.framework in Frameworks */ = {isa = PBXBuildFile; fileRef = D460B2E91944D6A100A5D298 /* GLKit.framework */; };
		D460B2EC1944D6A600A5D298 /* UIKit.framework in Frameworks */ = {isa = PBXBuildFile; fileRef = D460B2EB1944D6A600A5D298 /* UIKit.framework */; };
		D460B2EE1944D6F300A5D298 /* CoreGraphics.framework in Frameworks */ = {isa = PBXBuildFile; fileRef = D460B2ED1944D6F300A5D298 /* CoreGraphics.framework */; };
		D49E3281194528EE001B9BB1 /* Foundation.framework in Frameworks */ = {isa = PBXBuildFile; fileRef = D460B2E71944D69900A5D298 /* Foundation.framework */; };
		D49E3282194528F2001B9BB1 /* GLKit.framework in Frameworks */ = {isa = PBXBuildFile; fileRef = D460B2E91944D6A100A5D298 /* GLKit.framework */; };
		D49E3283194528F5001B9BB1 /* UIKit.framework in Frameworks */ = {isa = PBXBuildFile; fileRef = D460B2EB1944D6A600A5D298 /* UIKit.framework */; };
		D49E3284194528FA001B9BB1 /* CoreGraphics.framework in Frameworks */ = {isa = PBXBuildFile; fileRef = D460B2ED1944D6F300A5D298 /* CoreGraphics.framework */; };
		D49E328E19454F84001B9BB1 /* KeyboardViewController.swift in Sources */ = {isa = PBXBuildFile; fileRef = D49E328D19454F84001B9BB1 /* KeyboardViewController.swift */; };
		D49E329219454F84001B9BB1 /* com.touchcentric.GestureKeyboard.GestureKeyboardExtension.appex in Embed App Extensions */ = {isa = PBXBuildFile; fileRef = D49E328919454F84001B9BB1 /* com.touchcentric.GestureKeyboard.GestureKeyboardExtension.appex */; };
		D49E3298194552C1001B9BB1 /* CMUnistrokeGestureResult.m in Sources */ = {isa = PBXBuildFile; fileRef = D460B2D91944C09900A5D298 /* CMUnistrokeGestureResult.m */; };
		D49E3299194552C6001B9BB1 /* CMUnistrokeGestureRecognizer.m in Sources */ = {isa = PBXBuildFile; fileRef = D460B2D71944C09900A5D298 /* CMUnistrokeGestureRecognizer.m */; };
		D49E329A194552CB001B9BB1 /* CMUnistrokeRecognizer.c in Sources */ = {isa = PBXBuildFile; fileRef = D460B2DB1944C09900A5D298 /* CMUnistrokeRecognizer.c */; };
		D49E329B194552DA001B9BB1 /* CMUnistrokeRecognizerTypes.c in Sources */ = {isa = PBXBuildFile; fileRef = D460B2DE1944C09900A5D298 /* CMUnistrokeRecognizerTypes.c */; };
		D49E329C1946BAE2001B9BB1 /* GLKit.framework in Frameworks */ = {isa = PBXBuildFile; fileRef = D460B2E91944D6A100A5D298 /* GLKit.framework */; };
		D49E329D1946BAE7001B9BB1 /* Foundation.framework in Frameworks */ = {isa = PBXBuildFile; fileRef = D460B2E71944D69900A5D298 /* Foundation.framework */; };
		D49E329E1946BAEE001B9BB1 /* CoreGraphics.framework in Frameworks */ = {isa = PBXBuildFile; fileRef = D460B2ED1944D6F300A5D298 /* CoreGraphics.framework */; };
		D49E329F1946BAFC001B9BB1 /* UIKit.framework in Frameworks */ = {isa = PBXBuildFile; fileRef = D460B2EB1944D6A600A5D298 /* UIKit.framework */; };
		D49E32B41946E176001B9BB1 /* graffiti_strokes.jpeg in Resources */ = {isa = PBXBuildFile; fileRef = D49E32B31946E176001B9BB1 /* graffiti_strokes.jpeg */; };
		D4B4ABBD1947520800052189 /* graffiti.plist in Resources */ = {isa = PBXBuildFile; fileRef = D4B4ABBC1947520800052189 /* graffiti.plist */; };
/* End PBXBuildFile section */

/* Begin PBXContainerItemProxy section */
		D460B2C51943CF7700A5D298 /* PBXContainerItemProxy */ = {
			isa = PBXContainerItemProxy;
			containerPortal = D460B2AA1943CF7600A5D298 /* Project object */;
			proxyType = 1;
			remoteGlobalIDString = D460B2B11943CF7600A5D298;
			remoteInfo = GestureKeyboard;
		};
		D49E328F19454F84001B9BB1 /* PBXContainerItemProxy */ = {
			isa = PBXContainerItemProxy;
			containerPortal = D460B2AA1943CF7600A5D298 /* Project object */;
			proxyType = 1;
			remoteGlobalIDString = D49E328819454F84001B9BB1;
			remoteInfo = GestureKeyboardExtension;
		};
		D49E329319454F84001B9BB1 /* PBXContainerItemProxy */ = {
			isa = PBXContainerItemProxy;
			containerPortal = D460B2AA1943CF7600A5D298 /* Project object */;
			proxyType = 1;
			remoteGlobalIDString = D49E328819454F84001B9BB1;
			remoteInfo = GestureKeyboardExtension;
		};
/* End PBXContainerItemProxy section */

/* Begin PBXCopyFilesBuildPhase section */
		D49E329119454F84001B9BB1 /* Embed App Extensions */ = {
			isa = PBXCopyFilesBuildPhase;
			buildActionMask = 2147483647;
			dstPath = "";
			dstSubfolderSpec = 13;
			files = (
				D49E329219454F84001B9BB1 /* com.touchcentric.GestureKeyboard.GestureKeyboardExtension.appex in Embed App Extensions */,
			);
			name = "Embed App Extensions";
			runOnlyForDeploymentPostprocessing = 0;
		};
/* End PBXCopyFilesBuildPhase section */

/* Begin PBXFileReference section */
		D460B2B21943CF7600A5D298 /* GestureKeyboard.app */ = {isa = PBXFileReference; explicitFileType = wrapper.application; includeInIndex = 0; path = GestureKeyboard.app; sourceTree = BUILT_PRODUCTS_DIR; };
		D460B2B61943CF7600A5D298 /* Info.plist */ = {isa = PBXFileReference; lastKnownFileType = text.plist.xml; path = Info.plist; sourceTree = "<group>"; };
		D460B2B71943CF7600A5D298 /* AppDelegate.swift */ = {isa = PBXFileReference; lastKnownFileType = sourcecode.swift; path = AppDelegate.swift; sourceTree = "<group>"; };
		D460B2B91943CF7600A5D298 /* ViewController.swift */ = {isa = PBXFileReference; lastKnownFileType = sourcecode.swift; path = ViewController.swift; sourceTree = "<group>"; };
		D460B2BC1943CF7600A5D298 /* Base */ = {isa = PBXFileReference; lastKnownFileType = file.storyboard; name = Base; path = Base.lproj/Main.storyboard; sourceTree = "<group>"; };
		D460B2BE1943CF7600A5D298 /* Images.xcassets */ = {isa = PBXFileReference; lastKnownFileType = folder.assetcatalog; path = Images.xcassets; sourceTree = "<group>"; };
		D460B2C41943CF7700A5D298 /* GestureKeyboardTests.xctest */ = {isa = PBXFileReference; explicitFileType = wrapper.cfbundle; includeInIndex = 0; path = GestureKeyboardTests.xctest; sourceTree = BUILT_PRODUCTS_DIR; };
		D460B2C91943CF7700A5D298 /* Info.plist */ = {isa = PBXFileReference; lastKnownFileType = text.plist.xml; path = Info.plist; sourceTree = "<group>"; };
		D460B2CA1943CF7700A5D298 /* GestureKeyboardTests.swift */ = {isa = PBXFileReference; lastKnownFileType = sourcecode.swift; path = GestureKeyboardTests.swift; sourceTree = "<group>"; };
		D460B2D51944C09900A5D298 /* CMUnistrokeGestureRecognizer-Prefix.pch */ = {isa = PBXFileReference; fileEncoding = 4; lastKnownFileType = sourcecode.c.h; path = "CMUnistrokeGestureRecognizer-Prefix.pch"; sourceTree = "<group>"; };
		D460B2D61944C09900A5D298 /* CMUnistrokeGestureRecognizer.h */ = {isa = PBXFileReference; fileEncoding = 4; lastKnownFileType = sourcecode.c.h; path = CMUnistrokeGestureRecognizer.h; sourceTree = "<group>"; };
		D460B2D71944C09900A5D298 /* CMUnistrokeGestureRecognizer.m */ = {isa = PBXFileReference; fileEncoding = 4; lastKnownFileType = sourcecode.c.objc; path = CMUnistrokeGestureRecognizer.m; sourceTree = "<group>"; };
		D460B2D81944C09900A5D298 /* CMUnistrokeGestureResult.h */ = {isa = PBXFileReference; fileEncoding = 4; lastKnownFileType = sourcecode.c.h; path = CMUnistrokeGestureResult.h; sourceTree = "<group>"; };
		D460B2D91944C09900A5D298 /* CMUnistrokeGestureResult.m */ = {isa = PBXFileReference; fileEncoding = 4; lastKnownFileType = sourcecode.c.objc; path = CMUnistrokeGestureResult.m; sourceTree = "<group>"; };
		D460B2DB1944C09900A5D298 /* CMUnistrokeRecognizer.c */ = {isa = PBXFileReference; fileEncoding = 4; lastKnownFileType = sourcecode.c.c; path = CMUnistrokeRecognizer.c; sourceTree = "<group>"; };
		D460B2DC1944C09900A5D298 /* CMUnistrokeRecognizer.h */ = {isa = PBXFileReference; fileEncoding = 4; lastKnownFileType = sourcecode.c.h; path = CMUnistrokeRecognizer.h; sourceTree = "<group>"; };
		D460B2DD1944C09900A5D298 /* CMUnistrokeRecognizerPrivate.h */ = {isa = PBXFileReference; fileEncoding = 4; lastKnownFileType = sourcecode.c.h; path = CMUnistrokeRecognizerPrivate.h; sourceTree = "<group>"; };
		D460B2DE1944C09900A5D298 /* CMUnistrokeRecognizerTypes.c */ = {isa = PBXFileReference; fileEncoding = 4; lastKnownFileType = sourcecode.c.c; path = CMUnistrokeRecognizerTypes.c; sourceTree = "<group>"; };
		D460B2DF1944C09900A5D298 /* CMUnistrokeRecognizerTypes.h */ = {isa = PBXFileReference; fileEncoding = 4; lastKnownFileType = sourcecode.c.h; path = CMUnistrokeRecognizerTypes.h; sourceTree = "<group>"; };
		D460B2E61944D35A00A5D298 /* GestureKeyboard-Bridging-Header.h */ = {isa = PBXFileReference; lastKnownFileType = sourcecode.c.h; name = "GestureKeyboard-Bridging-Header.h"; path = "../CMUnistrokeGestureRecognizer/GestureKeyboard-Bridging-Header.h"; sourceTree = "<group>"; };
		D460B2E71944D69900A5D298 /* Foundation.framework */ = {isa = PBXFileReference; lastKnownFileType = wrapper.framework; name = Foundation.framework; path = System/Library/Frameworks/Foundation.framework; sourceTree = SDKROOT; };
		D460B2E91944D6A100A5D298 /* GLKit.framework */ = {isa = PBXFileReference; lastKnownFileType = wrapper.framework; name = GLKit.framework; path = System/Library/Frameworks/GLKit.framework; sourceTree = SDKROOT; };
		D460B2EB1944D6A600A5D298 /* UIKit.framework */ = {isa = PBXFileReference; lastKnownFileType = wrapper.framework; name = UIKit.framework; path = System/Library/Frameworks/UIKit.framework; sourceTree = SDKROOT; };
		D460B2ED1944D6F300A5D298 /* CoreGraphics.framework */ = {isa = PBXFileReference; lastKnownFileType = wrapper.framework; name = CoreGraphics.framework; path = System/Library/Frameworks/CoreGraphics.framework; sourceTree = SDKROOT; };
		D49E328919454F84001B9BB1 /* com.touchcentric.GestureKeyboard.GestureKeyboardExtension.appex */ = {isa = PBXFileReference; explicitFileType = "wrapper.app-extension"; includeInIndex = 0; path = com.touchcentric.GestureKeyboard.GestureKeyboardExtension.appex; sourceTree = BUILT_PRODUCTS_DIR; };
		D49E328C19454F84001B9BB1 /* Info.plist */ = {isa = PBXFileReference; lastKnownFileType = text.plist.xml; path = Info.plist; sourceTree = "<group>"; };
		D49E328D19454F84001B9BB1 /* KeyboardViewController.swift */ = {isa = PBXFileReference; lastKnownFileType = sourcecode.swift; path = KeyboardViewController.swift; sourceTree = "<group>"; };
		D49E32B31946E176001B9BB1 /* graffiti_strokes.jpeg */ = {isa = PBXFileReference; lastKnownFileType = image.jpeg; name = graffiti_strokes.jpeg; path = GestureKeyboard/graffiti_strokes.jpeg; sourceTree = "<group>"; };
		D4B4ABBC1947520800052189 /* graffiti.plist */ = {isa = PBXFileReference; fileEncoding = 4; lastKnownFileType = text.plist.xml; path = graffiti.plist; sourceTree = "<group>"; };
/* End PBXFileReference section */

/* Begin PBXFrameworksBuildPhase section */
		D460B2AF1943CF7600A5D298 /* Frameworks */ = {
			isa = PBXFrameworksBuildPhase;
			buildActionMask = 2147483647;
			files = (
				D460B2E81944D69900A5D298 /* Foundation.framework in Frameworks */,
				D460B2EE1944D6F300A5D298 /* CoreGraphics.framework in Frameworks */,
				D460B2EC1944D6A600A5D298 /* UIKit.framework in Frameworks */,
				D460B2EA1944D6A100A5D298 /* GLKit.framework in Frameworks */,
			);
			runOnlyForDeploymentPostprocessing = 0;
		};
		D460B2C11943CF7700A5D298 /* Frameworks */ = {
			isa = PBXFrameworksBuildPhase;
			buildActionMask = 2147483647;
			files = (
				D49E3284194528FA001B9BB1 /* CoreGraphics.framework in Frameworks */,
				D49E3282194528F2001B9BB1 /* GLKit.framework in Frameworks */,
				D49E3283194528F5001B9BB1 /* UIKit.framework in Frameworks */,
				D49E3281194528EE001B9BB1 /* Foundation.framework in Frameworks */,
			);
			runOnlyForDeploymentPostprocessing = 0;
		};
		D49E328619454F84001B9BB1 /* Frameworks */ = {
			isa = PBXFrameworksBuildPhase;
			buildActionMask = 2147483647;
			files = (
				D49E329F1946BAFC001B9BB1 /* UIKit.framework in Frameworks */,
				D49E329E1946BAEE001B9BB1 /* CoreGraphics.framework in Frameworks */,
				D49E329D1946BAE7001B9BB1 /* Foundation.framework in Frameworks */,
				D49E329C1946BAE2001B9BB1 /* GLKit.framework in Frameworks */,
			);
			runOnlyForDeploymentPostprocessing = 0;
		};
/* End PBXFrameworksBuildPhase section */

/* Begin PBXGroup section */
		D460B2A91943CF7600A5D298 = {
			isa = PBXGroup;
			children = (
				D4B4ABBC1947520800052189 /* graffiti.plist */,
				D49E32B31946E176001B9BB1 /* graffiti_strokes.jpeg */,
				D460B2ED1944D6F300A5D298 /* CoreGraphics.framework */,
				D460B2EB1944D6A600A5D298 /* UIKit.framework */,
				D460B2E91944D6A100A5D298 /* GLKit.framework */,
				D460B2E71944D69900A5D298 /* Foundation.framework */,
				D460B2D41944C09900A5D298 /* CMUnistrokeGestureRecognizer */,
				D460B2B41943CF7600A5D298 /* GestureKeyboard */,
				D460B2C71943CF7700A5D298 /* GestureKeyboardTests */,
				D49E328A19454F84001B9BB1 /* GestureKeyboardExtension */,
				D460B2B31943CF7600A5D298 /* Products */,
			);
			sourceTree = "<group>";
		};
		D460B2B31943CF7600A5D298 /* Products */ = {
			isa = PBXGroup;
			children = (
				D460B2B21943CF7600A5D298 /* GestureKeyboard.app */,
				D460B2C41943CF7700A5D298 /* GestureKeyboardTests.xctest */,
				D49E328919454F84001B9BB1 /* com.touchcentric.GestureKeyboard.GestureKeyboardExtension.appex */,
			);
			name = Products;
			sourceTree = "<group>";
		};
		D460B2B41943CF7600A5D298 /* GestureKeyboard */ = {
			isa = PBXGroup;
			children = (
				D460B2E61944D35A00A5D298 /* GestureKeyboard-Bridging-Header.h */,
				D460B2B71943CF7600A5D298 /* AppDelegate.swift */,
				D460B2B91943CF7600A5D298 /* ViewController.swift */,
				D460B2BB1943CF7600A5D298 /* Main.storyboard */,
				D460B2BE1943CF7600A5D298 /* Images.xcassets */,
				D460B2B51943CF7600A5D298 /* Supporting Files */,
			);
			path = GestureKeyboard;
			sourceTree = "<group>";
		};
		D460B2B51943CF7600A5D298 /* Supporting Files */ = {
			isa = PBXGroup;
			children = (
				D460B2B61943CF7600A5D298 /* Info.plist */,
			);
			name = "Supporting Files";
			sourceTree = "<group>";
		};
		D460B2C71943CF7700A5D298 /* GestureKeyboardTests */ = {
			isa = PBXGroup;
			children = (
				D460B2CA1943CF7700A5D298 /* GestureKeyboardTests.swift */,
				D460B2C81943CF7700A5D298 /* Supporting Files */,
			);
			path = GestureKeyboardTests;
			sourceTree = "<group>";
		};
		D460B2C81943CF7700A5D298 /* Supporting Files */ = {
			isa = PBXGroup;
			children = (
				D460B2C91943CF7700A5D298 /* Info.plist */,
			);
			name = "Supporting Files";
			sourceTree = "<group>";
		};
		D460B2D41944C09900A5D298 /* CMUnistrokeGestureRecognizer */ = {
			isa = PBXGroup;
			children = (
				D460B2D51944C09900A5D298 /* CMUnistrokeGestureRecognizer-Prefix.pch */,
				D460B2D61944C09900A5D298 /* CMUnistrokeGestureRecognizer.h */,
				D460B2D71944C09900A5D298 /* CMUnistrokeGestureRecognizer.m */,
				D460B2D81944C09900A5D298 /* CMUnistrokeGestureResult.h */,
				D460B2D91944C09900A5D298 /* CMUnistrokeGestureResult.m */,
				D460B2DA1944C09900A5D298 /* CMUnistrokeRecognizer */,
			);
			path = CMUnistrokeGestureRecognizer;
			sourceTree = "<group>";
		};
		D460B2DA1944C09900A5D298 /* CMUnistrokeRecognizer */ = {
			isa = PBXGroup;
			children = (
				D460B2DB1944C09900A5D298 /* CMUnistrokeRecognizer.c */,
				D460B2DC1944C09900A5D298 /* CMUnistrokeRecognizer.h */,
				D460B2DD1944C09900A5D298 /* CMUnistrokeRecognizerPrivate.h */,
				D460B2DE1944C09900A5D298 /* CMUnistrokeRecognizerTypes.c */,
				D460B2DF1944C09900A5D298 /* CMUnistrokeRecognizerTypes.h */,
			);
			path = CMUnistrokeRecognizer;
			sourceTree = "<group>";
		};
		D49E328A19454F84001B9BB1 /* GestureKeyboardExtension */ = {
			isa = PBXGroup;
			children = (
				D49E328D19454F84001B9BB1 /* KeyboardViewController.swift */,
				D49E328B19454F84001B9BB1 /* Supporting Files */,
			);
			path = GestureKeyboardExtension;
			sourceTree = "<group>";
		};
		D49E328B19454F84001B9BB1 /* Supporting Files */ = {
			isa = PBXGroup;
			children = (
				D49E328C19454F84001B9BB1 /* Info.plist */,
			);
			name = "Supporting Files";
			sourceTree = "<group>";
		};
/* End PBXGroup section */

/* Begin PBXNativeTarget section */
		D460B2B11943CF7600A5D298 /* GestureKeyboard */ = {
			isa = PBXNativeTarget;
			buildConfigurationList = D460B2CE1943CF7700A5D298 /* Build configuration list for PBXNativeTarget "GestureKeyboard" */;
			buildPhases = (
				D460B2AE1943CF7600A5D298 /* Sources */,
				D460B2AF1943CF7600A5D298 /* Frameworks */,
				D460B2B01943CF7600A5D298 /* Resources */,
				D49E329119454F84001B9BB1 /* Embed App Extensions */,
			);
			buildRules = (
			);
			dependencies = (
				D49E329019454F84001B9BB1 /* PBXTargetDependency */,
				D49E329419454F84001B9BB1 /* PBXTargetDependency */,
			);
			name = GestureKeyboard;
			productName = GestureKeyboard;
			productReference = D460B2B21943CF7600A5D298 /* GestureKeyboard.app */;
			productType = "com.apple.product-type.application";
		};
		D460B2C31943CF7700A5D298 /* GestureKeyboardTests */ = {
			isa = PBXNativeTarget;
			buildConfigurationList = D460B2D11943CF7700A5D298 /* Build configuration list for PBXNativeTarget "GestureKeyboardTests" */;
			buildPhases = (
				D460B2C01943CF7700A5D298 /* Sources */,
				D460B2C11943CF7700A5D298 /* Frameworks */,
				D460B2C21943CF7700A5D298 /* Resources */,
			);
			buildRules = (
			);
			dependencies = (
				D460B2C61943CF7700A5D298 /* PBXTargetDependency */,
			);
			name = GestureKeyboardTests;
			productName = GestureKeyboardTests;
			productReference = D460B2C41943CF7700A5D298 /* GestureKeyboardTests.xctest */;
			productType = "com.apple.product-type.bundle.unit-test";
		};
		D49E328819454F84001B9BB1 /* GestureKeyboardExtension */ = {
			isa = PBXNativeTarget;
			buildConfigurationList = D49E329519454F84001B9BB1 /* Build configuration list for PBXNativeTarget "GestureKeyboardExtension" */;
			buildPhases = (
				D49E328519454F84001B9BB1 /* Sources */,
				D49E328619454F84001B9BB1 /* Frameworks */,
				D49E328719454F84001B9BB1 /* Resources */,
			);
			buildRules = (
			);
			dependencies = (
			);
			name = GestureKeyboardExtension;
			productName = GestureKeyboardExtension;
			productReference = D49E328919454F84001B9BB1 /* com.touchcentric.GestureKeyboard.GestureKeyboardExtension.appex */;
			productType = "com.apple.product-type.app-extension";
		};
/* End PBXNativeTarget section */

/* Begin PBXProject section */
		D460B2AA1943CF7600A5D298 /* Project object */ = {
			isa = PBXProject;
			attributes = {
				LastUpgradeCheck = 0600;
				ORGANIZATIONNAME = TouchCentric;
				TargetAttributes = {
					D460B2B11943CF7600A5D298 = {
						CreatedOnToolsVersion = 6.0;
					};
					D460B2C31943CF7700A5D298 = {
						CreatedOnToolsVersion = 6.0;
						TestTargetID = D460B2B11943CF7600A5D298;
					};
					D49E328819454F84001B9BB1 = {
						CreatedOnToolsVersion = 6.0;
					};
				};
			};
			buildConfigurationList = D460B2AD1943CF7600A5D298 /* Build configuration list for PBXProject "GestureKeyboard" */;
			compatibilityVersion = "Xcode 3.2";
			developmentRegion = English;
			hasScannedForEncodings = 0;
			knownRegions = (
				en,
				Base,
			);
			mainGroup = D460B2A91943CF7600A5D298;
			productRefGroup = D460B2B31943CF7600A5D298 /* Products */;
			projectDirPath = "";
			projectRoot = "";
			targets = (
				D460B2B11943CF7600A5D298 /* GestureKeyboard */,
				D460B2C31943CF7700A5D298 /* GestureKeyboardTests */,
				D49E328819454F84001B9BB1 /* GestureKeyboardExtension */,
			);
		};
/* End PBXProject section */

/* Begin PBXResourcesBuildPhase section */
		D460B2B01943CF7600A5D298 /* Resources */ = {
			isa = PBXResourcesBuildPhase;
			buildActionMask = 2147483647;
			files = (
				D460B2BD1943CF7600A5D298 /* Main.storyboard in Resources */,
				D460B2BF1943CF7600A5D298 /* Images.xcassets in Resources */,
				D49E32B41946E176001B9BB1 /* graffiti_strokes.jpeg in Resources */,
				D4B4ABBD1947520800052189 /* graffiti.plist in Resources */,
			);
			runOnlyForDeploymentPostprocessing = 0;
		};
		D460B2C21943CF7700A5D298 /* Resources */ = {
			isa = PBXResourcesBuildPhase;
			buildActionMask = 2147483647;
			files = (
			);
			runOnlyForDeploymentPostprocessing = 0;
		};
		D49E328719454F84001B9BB1 /* Resources */ = {
			isa = PBXResourcesBuildPhase;
			buildActionMask = 2147483647;
			files = (
			);
			runOnlyForDeploymentPostprocessing = 0;
		};
/* End PBXResourcesBuildPhase section */

/* Begin PBXSourcesBuildPhase section */
		D460B2AE1943CF7600A5D298 /* Sources */ = {
			isa = PBXSourcesBuildPhase;
			buildActionMask = 2147483647;
			files = (
				D460B2BA1943CF7600A5D298 /* ViewController.swift in Sources */,
				D460B2E21944C09900A5D298 /* CMUnistrokeRecognizer.c in Sources */,
				D460B2E31944C09900A5D298 /* CMUnistrokeRecognizerTypes.c in Sources */,
				D460B2E01944C09900A5D298 /* CMUnistrokeGestureRecognizer.m in Sources */,
				D460B2B81943CF7600A5D298 /* AppDelegate.swift in Sources */,
				D460B2E11944C09900A5D298 /* CMUnistrokeGestureResult.m in Sources */,
			);
			runOnlyForDeploymentPostprocessing = 0;
		};
		D460B2C01943CF7700A5D298 /* Sources */ = {
			isa = PBXSourcesBuildPhase;
			buildActionMask = 2147483647;
			files = (
				D460B2CB1943CF7700A5D298 /* GestureKeyboardTests.swift in Sources */,
			);
			runOnlyForDeploymentPostprocessing = 0;
		};
		D49E328519454F84001B9BB1 /* Sources */ = {
			isa = PBXSourcesBuildPhase;
			buildActionMask = 2147483647;
			files = (
				D49E329B194552DA001B9BB1 /* CMUnistrokeRecognizerTypes.c in Sources */,
				D49E329A194552CB001B9BB1 /* CMUnistrokeRecognizer.c in Sources */,
				D49E328E19454F84001B9BB1 /* KeyboardViewController.swift in Sources */,
				D49E3299194552C6001B9BB1 /* CMUnistrokeGestureRecognizer.m in Sources */,
				D49E3298194552C1001B9BB1 /* CMUnistrokeGestureResult.m in Sources */,
			);
			runOnlyForDeploymentPostprocessing = 0;
		};
/* End PBXSourcesBuildPhase section */

/* Begin PBXTargetDependency section */
		D460B2C61943CF7700A5D298 /* PBXTargetDependency */ = {
			isa = PBXTargetDependency;
			target = D460B2B11943CF7600A5D298 /* GestureKeyboard */;
			targetProxy = D460B2C51943CF7700A5D298 /* PBXContainerItemProxy */;
		};
		D49E329019454F84001B9BB1 /* PBXTargetDependency */ = {
			isa = PBXTargetDependency;
			target = D49E328819454F84001B9BB1 /* GestureKeyboardExtension */;
			targetProxy = D49E328F19454F84001B9BB1 /* PBXContainerItemProxy */;
		};
		D49E329419454F84001B9BB1 /* PBXTargetDependency */ = {
			isa = PBXTargetDependency;
			target = D49E328819454F84001B9BB1 /* GestureKeyboardExtension */;
			targetProxy = D49E329319454F84001B9BB1 /* PBXContainerItemProxy */;
		};
/* End PBXTargetDependency section */

/* Begin PBXVariantGroup section */
		D460B2BB1943CF7600A5D298 /* Main.storyboard */ = {
			isa = PBXVariantGroup;
			children = (
				D460B2BC1943CF7600A5D298 /* Base */,
			);
			name = Main.storyboard;
			sourceTree = "<group>";
		};
/* End PBXVariantGroup section */

/* Begin XCBuildConfiguration section */
		D460B2CC1943CF7700A5D298 /* Debug */ = {
			isa = XCBuildConfiguration;
			buildSettings = {
				ALWAYS_SEARCH_USER_PATHS = NO;
				CLANG_CXX_LANGUAGE_STANDARD = "gnu++0x";
				CLANG_CXX_LIBRARY = "libc++";
				CLANG_ENABLE_MODULES = NO;
				CLANG_ENABLE_OBJC_ARC = YES;
				CLANG_WARN_BOOL_CONVERSION = YES;
				CLANG_WARN_CONSTANT_CONVERSION = YES;
				CLANG_WARN_DIRECT_OBJC_ISA_USAGE = YES_ERROR;
				CLANG_WARN_EMPTY_BODY = YES;
				CLANG_WARN_ENUM_CONVERSION = YES;
				CLANG_WARN_INT_CONVERSION = YES;
				CLANG_WARN_OBJC_ROOT_CLASS = YES_ERROR;
				CLANG_WARN_UNREACHABLE_CODE = YES;
				CLANG_WARN__DUPLICATE_METHOD_MATCH = YES;
				"CODE_SIGN_IDENTITY[sdk=iphoneos*]" = "iPhone Developer";
				COPY_PHASE_STRIP = NO;
				ENABLE_STRICT_OBJC_MSGSEND = YES;
				GCC_C_LANGUAGE_STANDARD = "compiler-default";
				GCC_DYNAMIC_NO_PIC = NO;
				GCC_OPTIMIZATION_LEVEL = 0;
				GCC_PREPROCESSOR_DEFINITIONS = (
					"DEBUG=1",
					"$(inherited)",
				);
				GCC_SYMBOLS_PRIVATE_EXTERN = NO;
				GCC_WARN_64_TO_32_BIT_CONVERSION = YES;
				GCC_WARN_ABOUT_RETURN_TYPE = YES_ERROR;
				GCC_WARN_UNDECLARED_SELECTOR = YES;
				GCC_WARN_UNINITIALIZED_AUTOS = YES_AGGRESSIVE;
				GCC_WARN_UNUSED_FUNCTION = YES;
				GCC_WARN_UNUSED_VARIABLE = YES;
				IPHONEOS_DEPLOYMENT_TARGET = 8.0;
				METAL_ENABLE_DEBUG_INFO = YES;
				ONLY_ACTIVE_ARCH = YES;
				PRODUCT_MODULE_NAME = GestureKeyboard;
				SDKROOT = iphoneos8.0;
				SWIFT_OBJC_BRIDGING_HEADER = "CMUnistrokeGestureRecognizer/GestureKeyboard-Bridging-Header.h";
				SWIFT_OPTIMIZATION_LEVEL = "-Onone";
				TARGETED_DEVICE_FAMILY = "1,2";
			};
			name = Debug;
		};
		D460B2CD1943CF7700A5D298 /* Release */ = {
			isa = XCBuildConfiguration;
			buildSettings = {
				ALWAYS_SEARCH_USER_PATHS = NO;
				CLANG_CXX_LANGUAGE_STANDARD = "gnu++0x";
				CLANG_CXX_LIBRARY = "libc++";
				CLANG_ENABLE_MODULES = NO;
				CLANG_ENABLE_OBJC_ARC = YES;
				CLANG_WARN_BOOL_CONVERSION = YES;
				CLANG_WARN_CONSTANT_CONVERSION = YES;
				CLANG_WARN_DIRECT_OBJC_ISA_USAGE = YES_ERROR;
				CLANG_WARN_EMPTY_BODY = YES;
				CLANG_WARN_ENUM_CONVERSION = YES;
				CLANG_WARN_INT_CONVERSION = YES;
				CLANG_WARN_OBJC_ROOT_CLASS = YES_ERROR;
				CLANG_WARN_UNREACHABLE_CODE = YES;
				CLANG_WARN__DUPLICATE_METHOD_MATCH = YES;
				"CODE_SIGN_IDENTITY[sdk=iphoneos*]" = "iPhone Developer";
				COPY_PHASE_STRIP = YES;
				ENABLE_NS_ASSERTIONS = NO;
				ENABLE_STRICT_OBJC_MSGSEND = YES;
				GCC_C_LANGUAGE_STANDARD = "compiler-default";
				GCC_WARN_64_TO_32_BIT_CONVERSION = YES;
				GCC_WARN_ABOUT_RETURN_TYPE = YES_ERROR;
				GCC_WARN_UNDECLARED_SELECTOR = YES;
				GCC_WARN_UNINITIALIZED_AUTOS = YES_AGGRESSIVE;
				GCC_WARN_UNUSED_FUNCTION = YES;
				GCC_WARN_UNUSED_VARIABLE = YES;
				IPHONEOS_DEPLOYMENT_TARGET = 8.0;
				METAL_ENABLE_DEBUG_INFO = NO;
				ONLY_ACTIVE_ARCH = YES;
				PRODUCT_MODULE_NAME = GestureKeyboard;
				SDKROOT = iphoneos8.0;
				SWIFT_OBJC_BRIDGING_HEADER = "CMUnistrokeGestureRecognizer/GestureKeyboard-Bridging-Header.h";
				TARGETED_DEVICE_FAMILY = "1,2";
				VALIDATE_PRODUCT = YES;
			};
			name = Release;
		};
		D460B2CF1943CF7700A5D298 /* Debug */ = {
			isa = XCBuildConfiguration;
			buildSettings = {
				ASSETCATALOG_COMPILER_APPICON_NAME = AppIcon;
				ASSETCATALOG_COMPILER_LAUNCHIMAGE_NAME = LaunchImage;
				INFOPLIST_FILE = GestureKeyboard/Info.plist;
				LD_RUNPATH_SEARCH_PATHS = "$(inherited) @executable_path/Frameworks";
				PRODUCT_NAME = "$(TARGET_NAME)";
			};
			name = Debug;
		};
		D460B2D01943CF7700A5D298 /* Release */ = {
			isa = XCBuildConfiguration;
			buildSettings = {
				ASSETCATALOG_COMPILER_APPICON_NAME = AppIcon;
				ASSETCATALOG_COMPILER_LAUNCHIMAGE_NAME = LaunchImage;
				INFOPLIST_FILE = GestureKeyboard/Info.plist;
				LD_RUNPATH_SEARCH_PATHS = "$(inherited) @executable_path/Frameworks";
				PRODUCT_NAME = "$(TARGET_NAME)";
			};
			name = Release;
		};
		D460B2D21943CF7700A5D298 /* Debug */ = {
			isa = XCBuildConfiguration;
			buildSettings = {
				BUNDLE_LOADER = "$(BUILT_PRODUCTS_DIR)/GestureKeyboard.app/GestureKeyboard";
				FRAMEWORK_SEARCH_PATHS = (
					"$(SDKROOT)/Developer/Library/Frameworks",
					"$(inherited)",
				);
				GCC_PREPROCESSOR_DEFINITIONS = (
					"DEBUG=1",
					"$(inherited)",
				);
				INFOPLIST_FILE = GestureKeyboardTests/Info.plist;
				LD_RUNPATH_SEARCH_PATHS = "$(inherited) @executable_path/Frameworks @loader_path/Frameworks";
				METAL_ENABLE_DEBUG_INFO = YES;
				PRODUCT_NAME = "$(TARGET_NAME)";
				TEST_HOST = "$(BUNDLE_LOADER)";
			};
			name = Debug;
		};
		D460B2D31943CF7700A5D298 /* Release */ = {
			isa = XCBuildConfiguration;
			buildSettings = {
				BUNDLE_LOADER = "$(BUILT_PRODUCTS_DIR)/GestureKeyboard.app/GestureKeyboard";
				FRAMEWORK_SEARCH_PATHS = (
					"$(SDKROOT)/Developer/Library/Frameworks",
					"$(inherited)",
				);
				INFOPLIST_FILE = GestureKeyboardTests/Info.plist;
				LD_RUNPATH_SEARCH_PATHS = "$(inherited) @executable_path/Frameworks @loader_path/Frameworks";
				METAL_ENABLE_DEBUG_INFO = NO;
				PRODUCT_NAME = "$(TARGET_NAME)";
				TEST_HOST = "$(BUNDLE_LOADER)";
			};
			name = Release;
		};
		D49E329619454F84001B9BB1 /* Debug */ = {
			isa = XCBuildConfiguration;
			buildSettings = {
				CLANG_ENABLE_MODULES = NO;
				GCC_C_LANGUAGE_STANDARD = gnu99;
				GCC_PREPROCESSOR_DEFINITIONS = (
					"DEBUG=1",
					"$(inherited)",
				);
				INFOPLIST_FILE = GestureKeyboardExtension/Info.plist;
				LD_RUNPATH_SEARCH_PATHS = "$(inherited) @executable_path/Frameworks @executable_path/../../Frameworks";
				METAL_ENABLE_DEBUG_INFO = YES;
				PRODUCT_NAME = "com.touchcentric.GestureKeyboard.$(TARGET_NAME:rfc1034identifier)";
				SKIP_INSTALL = YES;
			};
			name = Debug;
		};
		D49E329719454F84001B9BB1 /* Release */ = {
			isa = XCBuildConfiguration;
			buildSettings = {
				CLANG_ENABLE_MODULES = NO;
				GCC_C_LANGUAGE_STANDARD = gnu99;
				INFOPLIST_FILE = GestureKeyboardExtension/Info.plist;
				LD_RUNPATH_SEARCH_PATHS = "$(inherited) @executable_path/Frameworks @executable_path/../../Frameworks";
				METAL_ENABLE_DEBUG_INFO = NO;
				PRODUCT_NAME = "com.touchcentric.GestureKeyboard.$(TARGET_NAME:rfc1034identifier)";
				SKIP_INSTALL = YES;
			};
			name = Release;
		};
/* End XCBuildConfiguration section */

/* Begin XCConfigurationList section */
		D460B2AD1943CF7600A5D298 /* Build configuration list for PBXProject "GestureKeyboard" */ = {
			isa = XCConfigurationList;
			buildConfigurations = (
				D460B2CC1943CF7700A5D298 /* Debug */,
				D460B2CD1943CF7700A5D298 /* Release */,
			);
			defaultConfigurationIsVisible = 0;
			defaultConfigurationName = Release;
		};
		D460B2CE1943CF7700A5D298 /* Build configuration list for PBXNativeTarget "GestureKeyboard" */ = {
			isa = XCConfigurationList;
			buildConfigurations = (
				D460B2CF1943CF7700A5D298 /* Debug */,
				D460B2D01943CF7700A5D298 /* Release */,
			);
			defaultConfigurationIsVisible = 0;
			defaultConfigurationName = Release;
		};
		D460B2D11943CF7700A5D298 /* Build configuration list for PBXNativeTarget "GestureKeyboardTests" */ = {
			isa = XCConfigurationList;
			buildConfigurations = (
				D460B2D21943CF7700A5D298 /* Debug */,
				D460B2D31943CF7700A5D298 /* Release */,
			);
			defaultConfigurationIsVisible = 0;
			defaultConfigurationName = Release;
		};
		D49E329519454F84001B9BB1 /* Build configuration list for PBXNativeTarget "GestureKeyboardExtension" */ = {
			isa = XCConfigurationList;
			buildConfigurations = (
				D49E329619454F84001B9BB1 /* Debug */,
				D49E329719454F84001B9BB1 /* Release */,
			);
			defaultConfigurationIsVisible = 0;
			defaultConfigurationName = Release;
		};
/* End XCConfigurationList section */
	};
	rootObject = D460B2AA1943CF7600A5D298 /* Project object */;
}
